<?xml version="1.0" encoding="utf-8"?>
<Project ToolsVersion="4.0" xmlns="http://schemas.microsoft.com/developer/msbuild/2003">
  <ItemGroup>
    <Filter Include="Source Files">
      <UniqueIdentifier>{4FC737F1-C7A5-4376-A066-2A32D752A2FF}</UniqueIdentifier>
      <Extensions>cpp;cxx;c;def</Extensions>
    </Filter>
    <Filter Include="Header Files">
      <UniqueIdentifier>{93995380-89BD-4b04-88EB-625FBE52EBFB}</UniqueIdentifier>
      <Extensions>h</Extensions>
    </Filter>
    <Filter Include="Form Files">
      <UniqueIdentifier>{99349809-55BA-4b9d-BF79-8FDBB0286EB3}</UniqueIdentifier>
      <Extensions>ui</Extensions>
    </Filter>
    <Filter Include="Resource Files">
      <UniqueIdentifier>{D9D6E242-F8AF-46E4-B9FD-80ECBC20BA3E}</UniqueIdentifier>
      <Extensions>qrc;*</Extensions>
      <ParseFiles>false</ParseFiles>
    </Filter>
    <Filter Include="Generated Files">
      <UniqueIdentifier>{71ED8ED8-ACB9-4CE9-BBE1-E00B30144E11}</UniqueIdentifier>
      <Extensions>moc;h;cpp</Extensions>
      <SourceControlFiles>False</SourceControlFiles>
    </Filter>
    <Filter Include="Generated Files\Debug">
      <UniqueIdentifier>{4aa8b8dc-3759-4cf4-90ba-1b441c7b08b1}</UniqueIdentifier>
      <Extensions>cpp;moc</Extensions>
      <SourceControlFiles>False</SourceControlFiles>
    </Filter>
    <Filter Include="Generated Files\Release">
      <UniqueIdentifier>{0c9727bd-6864-4d35-a51b-402d9b1fd428}</UniqueIdentifier>
      <Extensions>cpp;moc</Extensions>
      <SourceControlFiles>False</SourceControlFiles>
    </Filter>
  </ItemGroup>
  <ItemGroup>
    <ClCompile Include="GeneratedFiles\qrc_mds-gui.cpp">
      <Filter>Generated Files</Filter>
    </ClCompile>
    <ClCompile Include="chart_mds.cpp">
      <Filter>Source Files</Filter>
    </ClCompile>
    <ClCompile Include="chartmdiarea.cpp">
      <Filter>Source Files</Filter>
    </ClCompile>
    <ClCompile Include="data_analyst_from_metric.cpp">
      <Filter>Source Files</Filter>
    </ClCompile>
    <ClCompile Include="data_from_metric_chart_mdi_subwindow.cpp">
      <Filter>Source Files</Filter>
    </ClCompile>
    <ClCompile Include="data_from_property_chart_mdi_subwindow.cpp">
      <Filter>Source Files</Filter>
    </ClCompile>
    <ClCompile Include="data_from_property_mdi_area.cpp">
      <Filter>Source Files</Filter>
    </ClCompile>
    <ClCompile Include="eda_mds_space.cpp">
      <Filter>Source Files</Filter>
    </ClCompile>
    <ClCompile Include="mds_gui.cpp">
      <Filter>Source Files</Filter>
    </ClCompile>
    <ClCompile Include="MDS_gui_action.cpp">
      <Filter>Source Files</Filter>
    </ClCompile>
    <ClCompile Include="mds_gui_library_init.cpp">
      <Filter>Source Files</Filter>
    </ClCompile>
    <ClCompile Include="mds_mdi_area.cpp">
      <Filter>Source Files</Filter>
    </ClCompile>
    <ClCompile Include="mdsspaceanalystframe.cpp">
      <Filter>Source Files</Filter>
    </ClCompile>
    <ClCompile Include="mdsspacecreatordialog.cpp">
      <Filter>Source Files</Filter>
    </ClCompile>
    <ClCompile Include="mdsuncertainitysubwindow.cpp">
      <Filter>Source Files</Filter>
    </ClCompile>
    <ClCompile Include="metric_explorer.cpp">
      <Filter>Source Files</Filter>
    </ClCompile>
    <ClCompile Include="metric_utilities.cpp">
      <Filter>Source Files</Filter>
    </ClCompile>
    <ClCompile Include="MetricDataTable.cpp">
      <Filter>Source Files</Filter>
    </ClCompile>
    <ClCompile Include="MetricDistanceChooser.cpp">
      <Filter>Source Files</Filter>
    </ClCompile>
    <ClCompile Include="MultipleMetricDataSelector.cpp">
      <Filter>Source Files</Filter>
    </ClCompile>
    <ClCompile Include="parametertreeview.cpp">
      <Filter>Source Files</Filter>
    </ClCompile>
    <ClCompile Include="vtkmdisubwindow.cpp">
      <Filter>Source Files</Filter>
    </ClCompile>
    <ClCompile Include="GeneratedFiles\Debug\moc_chart_mds.cpp">
      <Filter>Generated Files\Debug</Filter>
    </ClCompile>
    <ClCompile Include="GeneratedFiles\Release\moc_chart_mds.cpp">
      <Filter>Generated Files\Release</Filter>
    </ClCompile>
    <ClCompile Include="GeneratedFiles\Debug\moc_chartmdiarea.cpp">
      <Filter>Generated Files\Debug</Filter>
    </ClCompile>
    <ClCompile Include="GeneratedFiles\Release\moc_chartmdiarea.cpp">
      <Filter>Generated Files\Release</Filter>
    </ClCompile>
    <ClCompile Include="GeneratedFiles\Debug\moc_data_analyst_from_metric.cpp">
      <Filter>Generated Files\Debug</Filter>
    </ClCompile>
    <ClCompile Include="GeneratedFiles\Release\moc_data_analyst_from_metric.cpp">
      <Filter>Generated Files\Release</Filter>
    </ClCompile>
    <ClCompile Include="GeneratedFiles\Debug\moc_data_from_metric_chart_mdi_subwindow.cpp">
      <Filter>Generated Files\Debug</Filter>
    </ClCompile>
    <ClCompile Include="GeneratedFiles\Release\moc_data_from_metric_chart_mdi_subwindow.cpp">
      <Filter>Generated Files\Release</Filter>
    </ClCompile>
    <ClCompile Include="GeneratedFiles\Debug\moc_data_from_property_chart_mdi_subwindow.cpp">
      <Filter>Generated Files\Debug</Filter>
    </ClCompile>
    <ClCompile Include="GeneratedFiles\Release\moc_data_from_property_chart_mdi_subwindow.cpp">
      <Filter>Generated Files\Release</Filter>
    </ClCompile>
    <ClCompile Include="GeneratedFiles\Debug\moc_data_from_property_mdi_area.cpp">
      <Filter>Generated Files\Debug</Filter>
    </ClCompile>
    <ClCompile Include="GeneratedFiles\Release\moc_data_from_property_mdi_area.cpp">
      <Filter>Generated Files\Release</Filter>
    </ClCompile>
    <ClCompile Include="GeneratedFiles\Debug\moc_eda_mds_space.cpp">
      <Filter>Generated Files\Debug</Filter>
    </ClCompile>
    <ClCompile Include="GeneratedFiles\Release\moc_eda_mds_space.cpp">
      <Filter>Generated Files\Release</Filter>
    </ClCompile>
    <ClCompile Include="GeneratedFiles\Debug\moc_mds_gui.cpp">
      <Filter>Generated Files\Debug</Filter>
    </ClCompile>
    <ClCompile Include="GeneratedFiles\Release\moc_mds_gui.cpp">
      <Filter>Generated Files\Release</Filter>
    </ClCompile>
    <ClCompile Include="GeneratedFiles\Debug\moc_mds_mdi_area.cpp">
      <Filter>Generated Files\Debug</Filter>
    </ClCompile>
    <ClCompile Include="GeneratedFiles\Release\moc_mds_mdi_area.cpp">
      <Filter>Generated Files\Release</Filter>
    </ClCompile>
    <ClCompile Include="GeneratedFiles\Debug\moc_mdsspaceanalystframe.cpp">
      <Filter>Generated Files\Debug</Filter>
    </ClCompile>
    <ClCompile Include="GeneratedFiles\Release\moc_mdsspaceanalystframe.cpp">
      <Filter>Generated Files\Release</Filter>
    </ClCompile>
    <ClCompile Include="GeneratedFiles\Debug\moc_mdsspacecreatordialog.cpp">
      <Filter>Generated Files\Debug</Filter>
    </ClCompile>
    <ClCompile Include="GeneratedFiles\Release\moc_mdsspacecreatordialog.cpp">
      <Filter>Generated Files\Release</Filter>
    </ClCompile>
    <ClCompile Include="GeneratedFiles\Debug\moc_mdsuncertainitysubwindow.cpp">
      <Filter>Generated Files\Debug</Filter>
    </ClCompile>
    <ClCompile Include="GeneratedFiles\Release\moc_mdsuncertainitysubwindow.cpp">
      <Filter>Generated Files\Release</Filter>
    </ClCompile>
    <ClCompile Include="GeneratedFiles\Debug\moc_metric_explorer.cpp">
      <Filter>Generated Files\Debug</Filter>
    </ClCompile>
    <ClCompile Include="GeneratedFiles\Release\moc_metric_explorer.cpp">
      <Filter>Generated Files\Release</Filter>
    </ClCompile>
    <ClCompile Include="GeneratedFiles\Debug\moc_MetricDataTable.cpp">
      <Filter>Generated Files\Debug</Filter>
    </ClCompile>
    <ClCompile Include="GeneratedFiles\Release\moc_MetricDataTable.cpp">
      <Filter>Generated Files\Release</Filter>
    </ClCompile>
    <ClCompile Include="GeneratedFiles\Debug\moc_MetricDistanceChooser.cpp">
      <Filter>Generated Files\Debug</Filter>
    </ClCompile>
    <ClCompile Include="GeneratedFiles\Release\moc_MetricDistanceChooser.cpp">
      <Filter>Generated Files\Release</Filter>
    </ClCompile>
    <ClCompile Include="GeneratedFiles\Debug\moc_MultipleMetricDataSelector.cpp">
      <Filter>Generated Files\Debug</Filter>
    </ClCompile>
    <ClCompile Include="GeneratedFiles\Release\moc_MultipleMetricDataSelector.cpp">
      <Filter>Generated Files\Release</Filter>
    </ClCompile>
    <ClCompile Include="GeneratedFiles\Debug\moc_parametertreeview.cpp">
      <Filter>Generated Files\Debug</Filter>
    </ClCompile>
    <ClCompile Include="GeneratedFiles\Release\moc_parametertreeview.cpp">
      <Filter>Generated Files\Release</Filter>
    </ClCompile>
    <ClCompile Include="GeneratedFiles\Debug\moc_vtkmdisubwindow.cpp">
      <Filter>Generated Files\Debug</Filter>
    </ClCompile>
    <ClCompile Include="GeneratedFiles\Release\moc_vtkmdisubwindow.cpp">
      <Filter>Generated Files\Release</Filter>
    </ClCompile>
    <ClCompile Include="GeneratedFiles\Debug\moc_mdsparameterexplorertabwidget.cpp">
      <Filter>Generated Files\Debug</Filter>
    </ClCompile>
    <ClCompile Include="GeneratedFiles\Release\moc_mdsparameterexplorertabwidget.cpp">
      <Filter>Generated Files\Release</Filter>
    </ClCompile>
    <ClCompile Include="GeneratedFiles\Debug\moc_mdsparametertablemodel.cpp">
      <Filter>Generated Files\Debug</Filter>
    </ClCompile>
    <ClCompile Include="GeneratedFiles\Release\moc_mdsparametertablemodel.cpp">
      <Filter>Generated Files\Release</Filter>
    </ClCompile>
    <ClCompile Include="GeneratedFiles\Debug\moc_param_cluster_widget.cpp">
      <Filter>Generated Files\Debug</Filter>
    </ClCompile>
    <ClCompile Include="GeneratedFiles\Release\moc_param_cluster_widget.cpp">
      <Filter>Generated Files\Release</Filter>
    </ClCompile>
    <ClCompile Include="GeneratedFiles\Debug\moc_param_commonmodels_widget.cpp">
      <Filter>Generated Files\Debug</Filter>
    </ClCompile>
    <ClCompile Include="GeneratedFiles\Release\moc_param_commonmodels_widget.cpp">
      <Filter>Generated Files\Release</Filter>
    </ClCompile>
    <ClCompile Include="GeneratedFiles\Debug\moc_param_commonparam_widget.cpp">
      <Filter>Generated Files\Debug</Filter>
    </ClCompile>
    <ClCompile Include="GeneratedFiles\Release\moc_param_commonparam_widget.cpp">
      <Filter>Generated Files\Release</Filter>
    </ClCompile>
    <ClCompile Include="GeneratedFiles\Debug\moc_param_display_widget.cpp">
      <Filter>Generated Files\Debug</Filter>
    </ClCompile>
    <ClCompile Include="GeneratedFiles\Release\moc_param_display_widget.cpp">
      <Filter>Generated Files\Release</Filter>
    </ClCompile>
    <ClCompile Include="GeneratedFiles\Debug\moc_param_plot_widget.cpp">
      <Filter>Generated Files\Debug</Filter>
    </ClCompile>
    <ClCompile Include="GeneratedFiles\Release\moc_param_plot_widget.cpp">
      <Filter>Generated Files\Release</Filter>
    </ClCompile>
    <ClCompile Include="GeneratedFiles\Debug\moc_param_plot_window.cpp">
      <Filter>Generated Files\Debug</Filter>
    </ClCompile>
    <ClCompile Include="GeneratedFiles\Release\moc_param_plot_window.cpp">
      <Filter>Generated Files\Release</Filter>
    </ClCompile>
    <ClCompile Include="GeneratedFiles\Debug\moc_param_search_widget.cpp">
      <Filter>Generated Files\Debug</Filter>
    </ClCompile>
    <ClCompile Include="GeneratedFiles\Release\moc_param_search_widget.cpp">
      <Filter>Generated Files\Release</Filter>
    </ClCompile>
    <ClCompile Include="GeneratedFiles\Debug\moc_param_sensitivity_widget.cpp">
      <Filter>Generated Files\Debug</Filter>
    </ClCompile>
    <ClCompile Include="GeneratedFiles\Release\moc_param_sensitivity_widget.cpp">
      <Filter>Generated Files\Release</Filter>
    </ClCompile>
    <ClCompile Include="parameterExplorer\mdsparameterexplorertabwidget.cpp">
      <Filter>Source Files</Filter>
    </ClCompile>
    <ClCompile Include="parameterExplorer\mdsparametertablemodel.cpp">
      <Filter>Source Files</Filter>
    </ClCompile>
    <ClCompile Include="parameterExplorer\param_base_class.cpp">
      <Filter>Source Files</Filter>
    </ClCompile>
    <ClCompile Include="parameterExplorer\param_cluster_widget.cpp">
      <Filter>Source Files</Filter>
    </ClCompile>
    <ClCompile Include="parameterExplorer\param_commonmodels_widget.cpp">
      <Filter>Source Files</Filter>
    </ClCompile>
    <ClCompile Include="parameterExplorer\param_commonparam_widget.cpp">
      <Filter>Source Files</Filter>
    </ClCompile>
    <ClCompile Include="parameterExplorer\param_display_widget.cpp">
      <Filter>Source Files</Filter>
    </ClCompile>
    <ClCompile Include="parameterExplorer\param_plot_widget.cpp">
      <Filter>Source Files</Filter>
    </ClCompile>
    <ClCompile Include="parameterExplorer\param_plot_window.cpp">
      <Filter>Source Files</Filter>
    </ClCompile>
    <ClCompile Include="parameterExplorer\param_search_widget.cpp">
      <Filter>Source Files</Filter>
    </ClCompile>
    <ClCompile Include="parameterExplorer\param_sensitivity_widget.cpp">
      <Filter>Source Files</Filter>
    </ClCompile>
    <ClCompile Include="metricmanager\chart_response.cpp">
      <Filter>Source Files</Filter>
    </ClCompile>
    <ClCompile Include="metricmanager\colorlisteditor.cpp">
      <Filter>Source Files</Filter>
    </ClCompile>
    <ClCompile Include="metricmanager\eda_response.cpp">
      <Filter>Source Files</Filter>
    </ClCompile>
    <ClCompile Include="metricmanager\mdsmetricmanagerframe.cpp">
      <Filter>Source Files</Filter>
    </ClCompile>
    <ClCompile Include="metricmanager\mdsmetricplotsubwindow.cpp">
      <Filter>Source Files</Filter>
    </ClCompile>
    <ClCompile Include="metricmanager\mdsresponseitemdelegate.cpp">
      <Filter>Source Files</Filter>
    </ClCompile>
    <ClCompile Include="metricmanager\metricplotsmdiarea.cpp">
      <Filter>Source Files</Filter>
    </ClCompile>
    <ClCompile Include="GeneratedFiles\Debug\moc_chart_response.cpp">
      <Filter>Generated Files\Debug</Filter>
    </ClCompile>
    <ClCompile Include="GeneratedFiles\Release\moc_chart_response.cpp">
      <Filter>Generated Files\Release</Filter>
    </ClCompile>
    <ClCompile Include="GeneratedFiles\Debug\moc_colorlisteditor.cpp">
      <Filter>Generated Files\Debug</Filter>
    </ClCompile>
    <ClCompile Include="GeneratedFiles\Release\moc_colorlisteditor.cpp">
      <Filter>Generated Files\Release</Filter>
    </ClCompile>
    <ClCompile Include="GeneratedFiles\Debug\moc_eda_response.cpp">
      <Filter>Generated Files\Debug</Filter>
    </ClCompile>
    <ClCompile Include="GeneratedFiles\Release\moc_eda_response.cpp">
      <Filter>Generated Files\Release</Filter>
    </ClCompile>
    <ClCompile Include="GeneratedFiles\Debug\moc_mdsmetricmanagerframe.cpp">
      <Filter>Generated Files\Debug</Filter>
    </ClCompile>
    <ClCompile Include="GeneratedFiles\Release\moc_mdsmetricmanagerframe.cpp">
      <Filter>Generated Files\Release</Filter>
    </ClCompile>
    <ClCompile Include="GeneratedFiles\Debug\moc_mdsmetricplotsubwindow.cpp">
      <Filter>Generated Files\Debug</Filter>
    </ClCompile>
    <ClCompile Include="GeneratedFiles\Release\moc_mdsmetricplotsubwindow.cpp">
      <Filter>Generated Files\Release</Filter>
    </ClCompile>
    <ClCompile Include="GeneratedFiles\Debug\moc_mdsresponseitemdelegate.cpp">
      <Filter>Generated Files\Debug</Filter>
    </ClCompile>
    <ClCompile Include="GeneratedFiles\Release\moc_mdsresponseitemdelegate.cpp">
      <Filter>Generated Files\Release</Filter>
    </ClCompile>
    <ClCompile Include="GeneratedFiles\Debug\moc_metricplotsmdiarea.cpp">
      <Filter>Generated Files\Debug</Filter>
    </ClCompile>
    <ClCompile Include="GeneratedFiles\Release\moc_metricplotsmdiarea.cpp">
      <Filter>Generated Files\Release</Filter>
    </ClCompile>
  </ItemGroup>
  <ItemGroup>
    <ClInclude Include="common.h">
      <Filter>Header Files</Filter>
    </ClInclude>
    <ClInclude Include="MDS_gui_action.h">
      <Filter>Header Files</Filter>
    </ClInclude>
    <ClInclude Include="metric_utilities.h">
      <Filter>Header Files</Filter>
    </ClInclude>
    <ClInclude Include="parameterExplorer\param_base_class.h">
      <Filter>Header Files</Filter>
    </ClInclude>
    <ClInclude Include="GeneratedFiles\ui_mdsparameterexplorertabwidget.h">
      <Filter>Generated Files</Filter>
    </ClInclude>
    <ClInclude Include="GeneratedFiles\ui_mdsparameterexplorertabwidget_.h">
      <Filter>Generated Files</Filter>
    </ClInclude>
    <ClInclude Include="GeneratedFiles\ui_param_cluster_widget.h">
      <Filter>Generated Files</Filter>
    </ClInclude>
    <ClInclude Include="GeneratedFiles\ui_param_commonmodels_widget.h">
      <Filter>Generated Files</Filter>
    </ClInclude>
    <ClInclude Include="GeneratedFiles\ui_param_commonparam_widget.h">
      <Filter>Generated Files</Filter>
    </ClInclude>
    <ClInclude Include="GeneratedFiles\ui_param_display_widget.h">
      <Filter>Generated Files</Filter>
    </ClInclude>
    <ClInclude Include="GeneratedFiles\ui_param_plot_widget.h">
      <Filter>Generated Files</Filter>
    </ClInclude>
    <ClInclude Include="GeneratedFiles\ui_param_plot_window.h">
      <Filter>Generated Files</Filter>
    </ClInclude>
    <ClInclude Include="GeneratedFiles\ui_param_search_widget.h">
      <Filter>Generated Files</Filter>
    </ClInclude>
    <ClInclude Include="GeneratedFiles\ui_param_sensitivity_widget.h">
      <Filter>Generated Files</Filter>
    </ClInclude>
    <ClInclude Include="GeneratedFiles\ui_mdsmetricmanagerframe.h">
      <Filter>Generated Files</Filter>
    </ClInclude>
    <ClInclude Include="GeneratedFiles\ui_mdsmetricplotsubwindow.h">
      <Filter>Generated Files</Filter>
    </ClInclude>
  </ItemGroup>
  <ItemGroup>
    <CustomBuild Include="mds-gui.qrc">
      <Filter>Resource Files</Filter>
    </CustomBuild>
    <CustomBuild Include="chart_mds.h">
      <Filter>Header Files</Filter>
    </CustomBuild>
    <CustomBuild Include="chartmdiarea.h">
      <Filter>Header Files</Filter>
    </CustomBuild>
    <CustomBuild Include="data_analyst_from_metric.h">
      <Filter>Header Files</Filter>
    </CustomBuild>
    <CustomBuild Include="data_from_metric_chart_mdi_subwindow.h">
      <Filter>Header Files</Filter>
    </CustomBuild>
    <CustomBuild Include="data_from_property_chart_mdi_subwindow.h">
      <Filter>Header Files</Filter>
    </CustomBuild>
    <CustomBuild Include="data_from_property_mdi_area.h">
      <Filter>Header Files</Filter>
    </CustomBuild>
    <CustomBuild Include="eda_mds_space.h">
      <Filter>Header Files</Filter>
    </CustomBuild>
    <CustomBuild Include="mds_gui.h">
      <Filter>Header Files</Filter>
    </CustomBuild>
    <CustomBuild Include="mds_mdi_area.h">
      <Filter>Header Files</Filter>
    </CustomBuild>
    <CustomBuild Include="mdsspaceanalystframe.h">
      <Filter>Header Files</Filter>
    </CustomBuild>
    <CustomBuild Include="mdsspacecreatordialog.h">
      <Filter>Header Files</Filter>
    </CustomBuild>
    <CustomBuild Include="mdsuncertainitysubwindow.h">
      <Filter>Header Files</Filter>
    </CustomBuild>
    <CustomBuild Include="metric_explorer.h">
      <Filter>Header Files</Filter>
    </CustomBuild>
    <CustomBuild Include="MetricDataTable.h">
      <Filter>Header Files</Filter>
    </CustomBuild>
    <CustomBuild Include="MetricDistanceChooser.h">
      <Filter>Header Files</Filter>
    </CustomBuild>
    <CustomBuild Include="MultipleMetricDataSelector.h">
      <Filter>Header Files</Filter>
    </CustomBuild>
    <CustomBuild Include="parametertreeview.h">
      <Filter>Header Files</Filter>
    </CustomBuild>
    <CustomBuild Include="vtkmdisubwindow.h">
      <Filter>Header Files</Filter>
    </CustomBuild>
    <CustomBuild Include="parameterExplorer\mdsparameterexplorertabwidget.h">
      <Filter>Header Files</Filter>
    </CustomBuild>
    <CustomBuild Include="parameterExplorer\mdsparametertablemodel.h">
      <Filter>Header Files</Filter>
    </CustomBuild>
    <CustomBuild Include="parameterExplorer\param_cluster_widget.h">
      <Filter>Header Files</Filter>
    </CustomBuild>
    <CustomBuild Include="parameterExplorer\param_commonmodels_widget.h">
      <Filter>Header Files</Filter>
    </CustomBuild>
    <CustomBuild Include="parameterExplorer\param_commonparam_widget.h">
      <Filter>Header Files</Filter>
    </CustomBuild>
    <CustomBuild Include="parameterExplorer\param_display_widget.h">
      <Filter>Header Files</Filter>
    </CustomBuild>
    <CustomBuild Include="parameterExplorer\param_plot_widget.h">
      <Filter>Header Files</Filter>
    </CustomBuild>
    <CustomBuild Include="parameterExplorer\param_plot_window.h">
      <Filter>Header Files</Filter>
    </CustomBuild>
    <CustomBuild Include="parameterExplorer\param_search_widget.h">
      <Filter>Header Files</Filter>
    </CustomBuild>
    <CustomBuild Include="parameterExplorer\param_sensitivity_widget.h">
      <Filter>Header Files</Filter>
    </CustomBuild>
    <CustomBuild Include="parameterExplorer\mdsparameterexplorertabwidget.ui">
      <Filter>Form Files</Filter>
    </CustomBuild>
    <CustomBuild Include="parameterExplorer\mdsparameterexplorertabwidget_.ui">
      <Filter>Form Files</Filter>
    </CustomBuild>
    <CustomBuild Include="parameterExplorer\param_cluster_widget.ui">
      <Filter>Form Files</Filter>
    </CustomBuild>
    <CustomBuild Include="parameterExplorer\param_commonmodels_widget.ui">
      <Filter>Form Files</Filter>
    </CustomBuild>
    <CustomBuild Include="parameterExplorer\param_commonparam_widget.ui">
      <Filter>Form Files</Filter>
    </CustomBuild>
    <CustomBuild Include="parameterExplorer\param_display_widget.ui">
      <Filter>Form Files</Filter>
    </CustomBuild>
    <CustomBuild Include="parameterExplorer\param_plot_widget.ui">
      <Filter>Form Files</Filter>
    </CustomBuild>
    <CustomBuild Include="parameterExplorer\param_plot_window.ui">
      <Filter>Form Files</Filter>
    </CustomBuild>
    <CustomBuild Include="parameterExplorer\param_search_widget.ui">
      <Filter>Form Files</Filter>
    </CustomBuild>
    <CustomBuild Include="parameterExplorer\param_sensitivity_widget.ui">
      <Filter>Form Files</Filter>
    </CustomBuild>
    <CustomBuild Include="metricmanager\mdsmetricmanagerframe.ui">
      <Filter>Form Files</Filter>
    </CustomBuild>
    <CustomBuild Include="metricmanager\mdsmetricplotsubwindow.ui">
      <Filter>Form Files</Filter>
    </CustomBuild>
    <CustomBuild Include="metricmanager\chart_response.h">
      <Filter>Header Files</Filter>
    </CustomBuild>
    <CustomBuild Include="metricmanager\colorlisteditor.h">
      <Filter>Header Files</Filter>
    </CustomBuild>
    <CustomBuild Include="metricmanager\eda_response.h">
      <Filter>Header Files</Filter>
    </CustomBuild>
    <CustomBuild Include="metricmanager\mdsmetricmanagerframe.h">
      <Filter>Header Files</Filter>
    </CustomBuild>
    <CustomBuild Include="metricmanager\mdsmetricplotsubwindow.h">
      <Filter>Header Files</Filter>
    </CustomBuild>
    <CustomBuild Include="metricmanager\mdsresponseitemdelegate.h">
      <Filter>Header Files</Filter>
    </CustomBuild>
    <CustomBuild Include="metricmanager\metricplotsmdiarea.h">
      <Filter>Header Files</Filter>
    </CustomBuild>
  </ItemGroup>
  <ItemGroup>
    <None Include="icons\props2metrics.png">
      <Filter>Resource Files</Filter>
    </None>
    <None Include="icons\MdsSpace.png">
      <Filter>Resource Files</Filter>
    </None>
    <None Include="icons\metricExplorer.png">
      <Filter>Resource Files</Filter>
    </None>
    <None Include="icons\metric2props.png">
      <Filter>Resource Files</Filter>
    </None>
  </ItemGroup>
</Project>