<?xml version="1.0" encoding="utf-8"?>
<Project ToolsVersion="4.0" xmlns="http://schemas.microsoft.com/developer/msbuild/2003">
  <ItemGroup>
    <Filter Include="Source Files">
      <UniqueIdentifier>{4FC737F1-C7A5-4376-A066-2A32D752A2FF}</UniqueIdentifier>
      <Extensions>cpp;c;cxx;def;odl;idl;hpj;bat;asm;asmx</Extensions>
    </Filter>
    <Filter Include="Header Files">
      <UniqueIdentifier>{93995380-89BD-4b04-88EB-625FBE52EBFB}</UniqueIdentifier>
      <Extensions>h;hpp;hxx;hm;inl;inc;xsd</Extensions>
    </Filter>
    <Filter Include="Generated Files">
      <UniqueIdentifier>{71ED8ED8-ACB9-4CE9-BBE1-E00B30144E11}</UniqueIdentifier>
      <Extensions>cpp;c;cxx;moc;h;def;odl;idl;res;</Extensions>
    </Filter>
    <Filter Include="Generated Files\Debug">
      <UniqueIdentifier>{734151e1-ac7e-429c-9f53-e35f84f8b2fb}</UniqueIdentifier>
      <Extensions>cpp;moc</Extensions>
      <SourceControlFiles>False</SourceControlFiles>
    </Filter>
    <Filter Include="Generated Files\Release">
      <UniqueIdentifier>{8d3e400d-47e1-45bc-ba05-a6bb26253b84}</UniqueIdentifier>
      <Extensions>cpp;moc</Extensions>
      <SourceControlFiles>False</SourceControlFiles>
    </Filter>
  </ItemGroup>
  <ItemGroup>
    <ClCompile Include="Debug\moc_metricdommodel.cpp">
      <Filter>Source Files</Filter>
    </ClCompile>
    <ClCompile Include="Release\moc_metricdommodel.cpp">
      <Filter>Source Files</Filter>
    </ClCompile>
    <ClCompile Include="GeneratedFiles\Debug\moc_parameterdommodel.cpp">
      <Filter>Generated Files\Debug</Filter>
    </ClCompile>
    <ClCompile Include="GeneratedFiles\Release\moc_parameterdommodel.cpp">
      <Filter>Generated Files\Release</Filter>
    </ClCompile>
    <ClCompile Include="GeneratedFiles\Debug\moc_metricdommodel.cpp">
      <Filter>Generated Files\Debug</Filter>
    </ClCompile>
    <ClCompile Include="GeneratedFiles\Release\moc_metricdommodel.cpp">
      <Filter>Generated Files\Release</Filter>
    </ClCompile>
    <ClCompile Include="GeneratedFiles\Debug\moc_MdsSpaceObjectModel.cpp">
      <Filter>Generated Files\Debug</Filter>
    </ClCompile>
    <ClCompile Include="GeneratedFiles\Release\moc_MdsSpaceObjectModel.cpp">
      <Filter>Generated Files\Release</Filter>
    </ClCompile>
    <ClCompile Include="GeneratedFiles\Debug\moc_dommodel.cpp">
      <Filter>Generated Files\Debug</Filter>
    </ClCompile>
    <ClCompile Include="GeneratedFiles\Release\moc_dommodel.cpp">
      <Filter>Generated Files\Release</Filter>
    </ClCompile>
    <ClCompile Include="parameterdommodel.cpp">
      <Filter>Source Files</Filter>
    </ClCompile>
    <ClCompile Include="multi_dim_scaling_space.cpp">
      <Filter>Source Files</Filter>
    </ClCompile>
    <ClCompile Include="metricdommodel.cpp">
      <Filter>Source Files</Filter>
    </ClCompile>
    <ClCompile Include="MetricDataManager.cpp">
      <Filter>Source Files</Filter>
    </ClCompile>
    <ClCompile Include="MetricData.cpp">
      <Filter>Source Files</Filter>
    </ClCompile>
    <ClCompile Include="Metric_data_io_filter.cpp">
      <Filter>Source Files</Filter>
    </ClCompile>
    <ClCompile Include="Metric_data_actions.cpp">
      <Filter>Source Files</Filter>
    </ClCompile>
    <ClCompile Include="MdsSpaceObjectModel.cpp">
      <Filter>Source Files</Filter>
    </ClCompile>
    <ClCompile Include="mds_space_filters.cpp">
      <Filter>Source Files</Filter>
    </ClCompile>
    <ClCompile Include="library_metric_init.cpp">
      <Filter>Source Files</Filter>
    </ClCompile>
    <ClCompile Include="gstl_item.cpp">
      <Filter>Source Files</Filter>
    </ClCompile>
    <ClCompile Include="dommodel.cpp">
      <Filter>Source Files</Filter>
    </ClCompile>
    <ClCompile Include="domitem.cpp">
      <Filter>Source Files</Filter>
    </ClCompile>
    <ClCompile Include="domattributeitem.cpp">
      <Filter>Source Files</Filter>
    </ClCompile>
  </ItemGroup>
  <ItemGroup>
    <ClInclude Include="common.h">
      <Filter>Header Files</Filter>
    </ClInclude>
    <ClInclude Include="multi_dim_scaling_space.h">
      <Filter>Header Files</Filter>
    </ClInclude>
    <ClInclude Include="MetricDataManager.h">
      <Filter>Header Files</Filter>
    </ClInclude>
    <ClInclude Include="MetricData.h">
      <Filter>Header Files</Filter>
    </ClInclude>
    <ClInclude Include="metric_manager_repository.h">
      <Filter>Header Files</Filter>
    </ClInclude>
    <ClInclude Include="Metric_data_io_filter.h">
      <Filter>Header Files</Filter>
    </ClInclude>
    <ClInclude Include="Metric_data_actions.h">
      <Filter>Header Files</Filter>
    </ClInclude>
    <ClInclude Include="mdsutil.h">
      <Filter>Header Files</Filter>
    </ClInclude>
    <ClInclude Include="mds_space_filters.h">
      <Filter>Header Files</Filter>
    </ClInclude>
    <ClInclude Include="mds.h">
      <Filter>Header Files</Filter>
    </ClInclude>
    <ClInclude Include="kmeans.h">
      <Filter>Header Files</Filter>
    </ClInclude>
    <ClInclude Include="gstl_item.h">
      <Filter>Header Files</Filter>
    </ClInclude>
    <ClInclude Include="GenericKernels.h">
      <Filter>Header Files</Filter>
    </ClInclude>
    <ClInclude Include="domitem.h">
      <Filter>Header Files</Filter>
    </ClInclude>
    <ClInclude Include="domattributeitem.h">
      <Filter>Header Files</Filter>
    </ClInclude>
  </ItemGroup>
  <ItemGroup>
    <CustomBuild Include="parameterdommodel.h">
      <Filter>Header Files</Filter>
    </CustomBuild>
    <CustomBuild Include="metricdommodel.h">
      <Filter>Header Files</Filter>
    </CustomBuild>
    <CustomBuild Include="MdsSpaceObjectModel.h">
      <Filter>Header Files</Filter>
    </CustomBuild>
    <CustomBuild Include="dommodel.h">
      <Filter>Header Files</Filter>
    </CustomBuild>
  </ItemGroup>
</Project>