
Microsoft Visual Studio Solution File, Format Version 10.00
# Visual Studio 2008
Project("{8BC9CEB8-8B4A-11D0-8D11-00A0C91BC942}") = "GsTL_item_model", "GsTL_item_model.vcproj", "{BA432FC7-D0CE-368D-B9C7-1C238871E241}"
EndProject
Global
	GlobalSection(SolutionConfigurationPlatforms) = preSolution
		Debug|Win32 = Debug|Win32
		Debug|x64 = Debug|x64
		Release|Win32 = Release|Win32
		Release|x64 = Release|x64
	EndGlobalSection
	GlobalSection(ProjectConfigurationPlatforms) = postSolution
		{BA432FC7-D0CE-368D-B9C7-1C238871E241}.Debug|Win32.ActiveCfg = Debug|Win32
		{BA432FC7-D0CE-368D-B9C7-1C238871E241}.Debug|Win32.Build.0 = Debug|Win32
		{BA432FC7-D0CE-368D-B9C7-1C238871E241}.Debug|x64.ActiveCfg = Debug|x64
		{BA432FC7-D0CE-368D-B9C7-1C238871E241}.Debug|x64.Build.0 = Debug|x64
		{BA432FC7-D0CE-368D-B9C7-1C238871E241}.Release|Win32.ActiveCfg = Release|Win32
		{BA432FC7-D0CE-368D-B9C7-1C238871E241}.Release|Win32.Build.0 = Release|Win32
		{BA432FC7-D0CE-368D-B9C7-1C238871E241}.Release|x64.ActiveCfg = Release|x64
		{BA432FC7-D0CE-368D-B9C7-1C238871E241}.Release|x64.Build.0 = Release|x64
	EndGlobalSection
	GlobalSection(SolutionProperties) = preSolution
		HideSolutionNode = FALSE
	EndGlobalSection
EndGlobal
